
Microsoft Visual Studio Solution File, Format Version 12.00
# Visual Studio Version 17
VisualStudioVersion = 17.11.35327.3
MinimumVisualStudioVersion = 10.0.40219.1
Project("{FAE04EC0-301F-11D3-BF4B-00C04F79EFBC}") = "eX_22", "eX_22.csproj", "{83C1527A-2D0A-4221-A1CC-4A6CCF919CCA}"
EndProject
Global
	GlobalSection(SolutionConfigurationPlatforms) = preSolution
		Debug|Any CPU = Debug|Any CPU
		Release|Any CPU = Release|Any CPU
	EndGlobalSection
	GlobalSection(ProjectConfigurationPlatforms) = postSolution
		{83C1527A-2D0A-4221-A1CC-4A6CCF919CCA}.Debug|Any CPU.ActiveCfg = Debug|Any CPU
		{83C1527A-2D0A-4221-A1CC-4A6CCF919CCA}.Debug|Any CPU.Build.0 = Debug|Any CPU
		{83C1527A-2D0A-4221-A1CC-4A6CCF919CCA}.Release|Any CPU.ActiveCfg = Release|Any CPU
		{83C1527A-2D0A-4221-A1CC-4A6CCF919CCA}.Release|Any CPU.Build.0 = Release|Any CPU
	EndGlobalSection
	GlobalSection(SolutionProperties) = preSolution
		HideSolutionNode = FALSE
	EndGlobalSection
	GlobalSection(ExtensibilityGlobals) = postSolution
		SolutionGuid = {4C1EED05-72AE-4540-AC99-6A9AAEDDA8B5}
	EndGlobalSection
EndGlobal
