
Microsoft Visual Studio Solution File, Format Version 12.00
# Visual Studio Version 17
VisualStudioVersion = 17.11.35327.3
MinimumVisualStudioVersion = 10.0.40219.1
Project("{FAE04EC0-301F-11D3-BF4B-00C04F79EFBC}") = "ex_23", "ex_23.csproj", "{6E9FF4AA-908F-4728-AE5D-AF9FB24E59E3}"
EndProject
Global
	GlobalSection(SolutionConfigurationPlatforms) = preSolution
		Debug|Any CPU = Debug|Any CPU
		Release|Any CPU = Release|Any CPU
	EndGlobalSection
	GlobalSection(ProjectConfigurationPlatforms) = postSolution
		{6E9FF4AA-908F-4728-AE5D-AF9FB24E59E3}.Debug|Any CPU.ActiveCfg = Debug|Any CPU
		{6E9FF4AA-908F-4728-AE5D-AF9FB24E59E3}.Debug|Any CPU.Build.0 = Debug|Any CPU
		{6E9FF4AA-908F-4728-AE5D-AF9FB24E59E3}.Release|Any CPU.ActiveCfg = Release|Any CPU
		{6E9FF4AA-908F-4728-AE5D-AF9FB24E59E3}.Release|Any CPU.Build.0 = Release|Any CPU
	EndGlobalSection
	GlobalSection(SolutionProperties) = preSolution
		HideSolutionNode = FALSE
	EndGlobalSection
	GlobalSection(ExtensibilityGlobals) = postSolution
		SolutionGuid = {5A644F96-BE2B-4A1C-9C44-B6588F83F0A6}
	EndGlobalSection
EndGlobal
